// !$*UTF8*$!
{
	archiveVersion = 1;
	classes = {
	};
	objectVersion = 55;
	objects = {

/* Begin PBXBuildFile section */
		ED24B4FF287C5F820050F405 /* AppDelegate.swift in Sources */ = {isa = PBXBuildFile; fileRef = ED24B4FE287C5F820050F405 /* AppDelegate.swift */; };
		ED24B501287C5F820050F405 /* SceneDelegate.swift in Sources */ = {isa = PBXBuildFile; fileRef = ED24B500287C5F820050F405 /* SceneDelegate.swift */; };
		ED24B503287C5F820050F405 /* HomeViewController.swift in Sources */ = {isa = PBXBuildFile; fileRef = ED24B502287C5F820050F405 /* HomeViewController.swift */; };
		ED24B508287C5F840050F405 /* Assets.xcassets in Resources */ = {isa = PBXBuildFile; fileRef = ED24B507287C5F840050F405 /* Assets.xcassets */; };
		ED24B50B287C5F840050F405 /* LaunchScreen.storyboard in Resources */ = {isa = PBXBuildFile; fileRef = ED24B509287C5F840050F405 /* LaunchScreen.storyboard */; };
		ED5F74CF288A8733001BDC7E /* SnapKit in Frameworks */ = {isa = PBXBuildFile; productRef = ED5F74CE288A8733001BDC7E /* SnapKit */; };
		ED5F74D2288A87E9001BDC7E /* Then in Frameworks */ = {isa = PBXBuildFile; productRef = ED5F74D1288A87E9001BDC7E /* Then */; };
		ED5F74D4288A8E65001BDC7E /* TossCell.swift in Sources */ = {isa = PBXBuildFile; fileRef = ED5F74D3288A8E65001BDC7E /* TossCell.swift */; };
		ED5F74D8288A9AA4001BDC7E /* TabBarViewController.swift in Sources */ = {isa = PBXBuildFile; fileRef = ED5F74D7288A9AA4001BDC7E /* TabBarViewController.swift */; };
		ED5F74DB288A9BCD001BDC7E /* TotalViewController.swift in Sources */ = {isa = PBXBuildFile; fileRef = ED5F74DA288A9BCD001BDC7E /* TotalViewController.swift */; };
/* End PBXBuildFile section */

/* Begin PBXFileReference section */
		ED24B4FB287C5F820050F405 /* toss.app */ = {isa = PBXFileReference; explicitFileType = wrapper.application; includeInIndex = 0; path = toss.app; sourceTree = BUILT_PRODUCTS_DIR; };
		ED24B4FE287C5F820050F405 /* AppDelegate.swift */ = {isa = PBXFileReference; lastKnownFileType = sourcecode.swift; path = AppDelegate.swift; sourceTree = "<group>"; };
		ED24B500287C5F820050F405 /* SceneDelegate.swift */ = {isa = PBXFileReference; lastKnownFileType = sourcecode.swift; path = SceneDelegate.swift; sourceTree = "<group>"; };
		ED24B502287C5F820050F405 /* HomeViewController.swift */ = {isa = PBXFileReference; lastKnownFileType = sourcecode.swift; path = HomeViewController.swift; sourceTree = "<group>"; };
		ED24B507287C5F840050F405 /* Assets.xcassets */ = {isa = PBXFileReference; lastKnownFileType = folder.assetcatalog; path = Assets.xcassets; sourceTree = "<group>"; };
		ED24B50A287C5F840050F405 /* Base */ = {isa = PBXFileReference; lastKnownFileType = file.storyboard; name = Base; path = Base.lproj/LaunchScreen.storyboard; sourceTree = "<group>"; };
		ED24B50C287C5F840050F405 /* Info.plist */ = {isa = PBXFileReference; lastKnownFileType = text.plist.xml; path = Info.plist; sourceTree = "<group>"; };
		ED5F74D3288A8E65001BDC7E /* TossCell.swift */ = {isa = PBXFileReference; lastKnownFileType = sourcecode.swift; path = TossCell.swift; sourceTree = "<group>"; };
		ED5F74D7288A9AA4001BDC7E /* TabBarViewController.swift */ = {isa = PBXFileReference; lastKnownFileType = sourcecode.swift; path = TabBarViewController.swift; sourceTree = "<group>"; };
		ED5F74DA288A9BCD001BDC7E /* TotalViewController.swift */ = {isa = PBXFileReference; lastKnownFileType = sourcecode.swift; path = TotalViewController.swift; sourceTree = "<group>"; };
/* End PBXFileReference section */

/* Begin PBXFrameworksBuildPhase section */
		ED24B4F8287C5F820050F405 /* Frameworks */ = {
			isa = PBXFrameworksBuildPhase;
			buildActionMask = 2147483647;
			files = (
				ED5F74CF288A8733001BDC7E /* SnapKit in Frameworks */,
				ED5F74D2288A87E9001BDC7E /* Then in Frameworks */,
			);
			runOnlyForDeploymentPostprocessing = 0;
		};
/* End PBXFrameworksBuildPhase section */

/* Begin PBXGroup section */
		ED24B4F2287C5F820050F405 = {
			isa = PBXGroup;
			children = (
				ED24B4FD287C5F820050F405 /* toss */,
				ED24B4FC287C5F820050F405 /* Products */,
			);
			sourceTree = "<group>";
		};
		ED24B4FC287C5F820050F405 /* Products */ = {
			isa = PBXGroup;
			children = (
				ED24B4FB287C5F820050F405 /* toss.app */,
			);
			name = Products;
			sourceTree = "<group>";
		};
		ED24B4FD287C5F820050F405 /* toss */ = {
			isa = PBXGroup;
			children = (
				ED5F74D6288A8E7B001BDC7E /* Cells */,
				ED5F74D5288A8E6D001BDC7E /* ViewControllers */,
				ED24B4FE287C5F820050F405 /* AppDelegate.swift */,
				ED24B500287C5F820050F405 /* SceneDelegate.swift */,
				ED24B507287C5F840050F405 /* Assets.xcassets */,
				ED24B509287C5F840050F405 /* LaunchScreen.storyboard */,
				ED24B50C287C5F840050F405 /* Info.plist */,
			);
			path = toss;
			sourceTree = "<group>";
		};
		ED5F74D5288A8E6D001BDC7E /* ViewControllers */ = {
			isa = PBXGroup;
			children = (
				ED5F74D9288A9B88001BDC7E /* TabBar */,
				ED5F74D7288A9AA4001BDC7E /* TabBarViewController.swift */,
			);
			path = ViewControllers;
			sourceTree = "<group>";
		};
		ED5F74D6288A8E7B001BDC7E /* Cells */ = {
			isa = PBXGroup;
			children = (
				ED5F74D3288A8E65001BDC7E /* TossCell.swift */,
			);
			path = Cells;
			sourceTree = "<group>";
		};
		ED5F74D9288A9B88001BDC7E /* TabBar */ = {
			isa = PBXGroup;
			children = (
				ED24B502287C5F820050F405 /* HomeViewController.swift */,
				ED5F74DA288A9BCD001BDC7E /* TotalViewController.swift */,
			);
			path = TabBar;
			sourceTree = "<group>";
		};
/* End PBXGroup section */

/* Begin PBXNativeTarget section */
		ED24B4FA287C5F820050F405 /* toss */ = {
			isa = PBXNativeTarget;
			buildConfigurationList = ED24B50F287C5F840050F405 /* Build configuration list for PBXNativeTarget "toss" */;
			buildPhases = (
				ED24B4F7287C5F820050F405 /* Sources */,
				ED24B4F8287C5F820050F405 /* Frameworks */,
				ED24B4F9287C5F820050F405 /* Resources */,
			);
			buildRules = (
			);
			dependencies = (
			);
			name = toss;
			packageProductDependencies = (
				ED5F74CE288A8733001BDC7E /* SnapKit */,
				ED5F74D1288A87E9001BDC7E /* Then */,
			);
			productName = toss;
			productReference = ED24B4FB287C5F820050F405 /* toss.app */;
			productType = "com.apple.product-type.application";
		};
/* End PBXNativeTarget section */

/* Begin PBXProject section */
		ED24B4F3287C5F820050F405 /* Project object */ = {
			isa = PBXProject;
			attributes = {
				BuildIndependentTargetsInParallel = 1;
				LastSwiftUpdateCheck = 1300;
				LastUpgradeCheck = 1300;
				TargetAttributes = {
					ED24B4FA287C5F820050F405 = {
						CreatedOnToolsVersion = 13.0;
					};
				};
			};
			buildConfigurationList = ED24B4F6287C5F820050F405 /* Build configuration list for PBXProject "toss" */;
			compatibilityVersion = "Xcode 13.0";
			developmentRegion = en;
			hasScannedForEncodings = 0;
			knownRegions = (
				en,
				Base,
			);
			mainGroup = ED24B4F2287C5F820050F405;
			packageReferences = (
				ED5F74CD288A8733001BDC7E /* XCRemoteSwiftPackageReference "SnapKit" */,
				ED5F74D0288A87E9001BDC7E /* XCRemoteSwiftPackageReference "Then" */,
			);
			productRefGroup = ED24B4FC287C5F820050F405 /* Products */;
			projectDirPath = "";
			projectRoot = "";
			targets = (
				ED24B4FA287C5F820050F405 /* toss */,
			);
		};
/* End PBXProject section */

/* Begin PBXResourcesBuildPhase section */
		ED24B4F9287C5F820050F405 /* Resources */ = {
			isa = PBXResourcesBuildPhase;
			buildActionMask = 2147483647;
			files = (
				ED24B50B287C5F840050F405 /* LaunchScreen.storyboard in Resources */,
				ED24B508287C5F840050F405 /* Assets.xcassets in Resources */,
			);
			runOnlyForDeploymentPostprocessing = 0;
		};
/* End PBXResourcesBuildPhase section */

/* Begin PBXSourcesBuildPhase section */
		ED24B4F7287C5F820050F405 /* Sources */ = {
			isa = PBXSourcesBuildPhase;
			buildActionMask = 2147483647;
			files = (
				ED24B503287C5F820050F405 /* HomeViewController.swift in Sources */,
				ED24B4FF287C5F820050F405 /* AppDelegate.swift in Sources */,
				ED5F74D4288A8E65001BDC7E /* TossCell.swift in Sources */,
				ED5F74D8288A9AA4001BDC7E /* TabBarViewController.swift in Sources */,
				ED24B501287C5F820050F405 /* SceneDelegate.swift in Sources */,
				ED5F74DB288A9BCD001BDC7E /* TotalViewController.swift in Sources */,
			);
			runOnlyForDeploymentPostprocessing = 0;
		};
/* End PBXSourcesBuildPhase section */

/* Begin PBXVariantGroup section */
		ED24B509287C5F840050F405 /* LaunchScreen.storyboard */ = {
			isa = PBXVariantGroup;
			children = (
				ED24B50A287C5F840050F405 /* Base */,
			);
			name = LaunchScreen.storyboard;
			sourceTree = "<group>";
		};
/* End PBXVariantGroup section */

/* Begin XCBuildConfiguration section */
		ED24B50D287C5F840050F405 /* Debug */ = {
			isa = XCBuildConfiguration;
			buildSettings = {
				ALWAYS_SEARCH_USER_PATHS = NO;
				CLANG_ANALYZER_NONNULL = YES;
				CLANG_ANALYZER_NUMBER_OBJECT_CONVERSION = YES_AGGRESSIVE;
				CLANG_CXX_LANGUAGE_STANDARD = "gnu++17";
				CLANG_CXX_LIBRARY = "libc++";
				CLANG_ENABLE_MODULES = YES;
				CLANG_ENABLE_OBJC_ARC = YES;
				CLANG_ENABLE_OBJC_WEAK = YES;
				CLANG_WARN_BLOCK_CAPTURE_AUTORELEASING = YES;
				CLANG_WARN_BOOL_CONVERSION = YES;
				CLANG_WARN_COMMA = YES;
				CLANG_WARN_CONSTANT_CONVERSION = YES;
				CLANG_WARN_DEPRECATED_OBJC_IMPLEMENTATIONS = YES;
				CLANG_WARN_DIRECT_OBJC_ISA_USAGE = YES_ERROR;
				CLANG_WARN_DOCUMENTATION_COMMENTS = YES;
				CLANG_WARN_EMPTY_BODY = YES;
				CLANG_WARN_ENUM_CONVERSION = YES;
				CLANG_WARN_INFINITE_RECURSION = YES;
				CLANG_WARN_INT_CONVERSION = YES;
				CLANG_WARN_NON_LITERAL_NULL_CONVERSION = YES;
				CLANG_WARN_OBJC_IMPLICIT_RETAIN_SELF = YES;
				CLANG_WARN_OBJC_LITERAL_CONVERSION = YES;
				CLANG_WARN_OBJC_ROOT_CLASS = YES_ERROR;
				CLANG_WARN_QUOTED_INCLUDE_IN_FRAMEWORK_HEADER = YES;
				CLANG_WARN_RANGE_LOOP_ANALYSIS = YES;
				CLANG_WARN_STRICT_PROTOTYPES = YES;
				CLANG_WARN_SUSPICIOUS_MOVE = YES;
				CLANG_WARN_UNGUARDED_AVAILABILITY = YES_AGGRESSIVE;
				CLANG_WARN_UNREACHABLE_CODE = YES;
				CLANG_WARN__DUPLICATE_METHOD_MATCH = YES;
				COPY_PHASE_STRIP = NO;
				DEBUG_INFORMATION_FORMAT = dwarf;
				ENABLE_STRICT_OBJC_MSGSEND = YES;
				ENABLE_TESTABILITY = YES;
				GCC_C_LANGUAGE_STANDARD = gnu11;
				GCC_DYNAMIC_NO_PIC = NO;
				GCC_NO_COMMON_BLOCKS = YES;
				GCC_OPTIMIZATION_LEVEL = 0;
				GCC_PREPROCESSOR_DEFINITIONS = (
					"DEBUG=1",
					"$(inherited)",
				);
				GCC_WARN_64_TO_32_BIT_CONVERSION = YES;
				GCC_WARN_ABOUT_RETURN_TYPE = YES_ERROR;
				GCC_WARN_UNDECLARED_SELECTOR = YES;
				GCC_WARN_UNINITIALIZED_AUTOS = YES_AGGRESSIVE;
				GCC_WARN_UNUSED_FUNCTION = YES;
				GCC_WARN_UNUSED_VARIABLE = YES;
				IPHONEOS_DEPLOYMENT_TARGET = 15.0;
				MTL_ENABLE_DEBUG_INFO = INCLUDE_SOURCE;
				MTL_FAST_MATH = YES;
				ONLY_ACTIVE_ARCH = YES;
				SDKROOT = iphoneos;
				SWIFT_ACTIVE_COMPILATION_CONDITIONS = DEBUG;
				SWIFT_OPTIMIZATION_LEVEL = "-Onone";
			};
			name = Debug;
		};
		ED24B50E287C5F840050F405 /* Release */ = {
			isa = XCBuildConfiguration;
			buildSettings = {
				ALWAYS_SEARCH_USER_PATHS = NO;
				CLANG_ANALYZER_NONNULL = YES;
				CLANG_ANALYZER_NUMBER_OBJECT_CONVERSION = YES_AGGRESSIVE;
				CLANG_CXX_LANGUAGE_STANDARD = "gnu++17";
				CLANG_CXX_LIBRARY = "libc++";
				CLANG_ENABLE_MODULES = YES;
				CLANG_ENABLE_OBJC_ARC = YES;
				CLANG_ENABLE_OBJC_WEAK = YES;
				CLANG_WARN_BLOCK_CAPTURE_AUTORELEASING = YES;
				CLANG_WARN_BOOL_CONVERSION = YES;
				CLANG_WARN_COMMA = YES;
				CLANG_WARN_CONSTANT_CONVERSION = YES;
				CLANG_WARN_DEPRECATED_OBJC_IMPLEMENTATIONS = YES;
				CLANG_WARN_DIRECT_OBJC_ISA_USAGE = YES_ERROR;
				CLANG_WARN_DOCUMENTATION_COMMENTS = YES;
				CLANG_WARN_EMPTY_BODY = YES;
				CLANG_WARN_ENUM_CONVERSION = YES;
				CLANG_WARN_INFINITE_RECURSION = YES;
				CLANG_WARN_INT_CONVERSION = YES;
				CLANG_WARN_NON_LITERAL_NULL_CONVERSION = YES;
				CLANG_WARN_OBJC_IMPLICIT_RETAIN_SELF = YES;
				CLANG_WARN_OBJC_LITERAL_CONVERSION = YES;
				CLANG_WARN_OBJC_ROOT_CLASS = YES_ERROR;
				CLANG_WARN_QUOTED_INCLUDE_IN_FRAMEWORK_HEADER = YES;
				CLANG_WARN_RANGE_LOOP_ANALYSIS = YES;
				CLANG_WARN_STRICT_PROTOTYPES = YES;
				CLANG_WARN_SUSPICIOUS_MOVE = YES;
				CLANG_WARN_UNGUARDED_AVAILABILITY = YES_AGGRESSIVE;
				CLANG_WARN_UNREACHABLE_CODE = YES;
				CLANG_WARN__DUPLICATE_METHOD_MATCH = YES;
				COPY_PHASE_STRIP = NO;
				DEBUG_INFORMATION_FORMAT = "dwarf-with-dsym";
				ENABLE_NS_ASSERTIONS = NO;
				ENABLE_STRICT_OBJC_MSGSEND = YES;
				GCC_C_LANGUAGE_STANDARD = gnu11;
				GCC_NO_COMMON_BLOCKS = YES;
				GCC_WARN_64_TO_32_BIT_CONVERSION = YES;
				GCC_WARN_ABOUT_RETURN_TYPE = YES_ERROR;
				GCC_WARN_UNDECLARED_SELECTOR = YES;
				GCC_WARN_UNINITIALIZED_AUTOS = YES_AGGRESSIVE;
				GCC_WARN_UNUSED_FUNCTION = YES;
				GCC_WARN_UNUSED_VARIABLE = YES;
				IPHONEOS_DEPLOYMENT_TARGET = 15.0;
				MTL_ENABLE_DEBUG_INFO = NO;
				MTL_FAST_MATH = YES;
				SDKROOT = iphoneos;
				SWIFT_COMPILATION_MODE = wholemodule;
				SWIFT_OPTIMIZATION_LEVEL = "-O";
				VALIDATE_PRODUCT = YES;
			};
			name = Release;
		};
		ED24B510287C5F840050F405 /* Debug */ = {
			isa = XCBuildConfiguration;
			buildSettings = {
				ASSETCATALOG_COMPILER_APPICON_NAME = AppIcon;
				ASSETCATALOG_COMPILER_GLOBAL_ACCENT_COLOR_NAME = AccentColor;
				CODE_SIGN_STYLE = Automatic;
				CURRENT_PROJECT_VERSION = 1;
				GENERATE_INFOPLIST_FILE = YES;
				INFOPLIST_FILE = toss/Info.plist;
				INFOPLIST_KEY_UIApplicationSupportsIndirectInputEvents = YES;
				INFOPLIST_KEY_UILaunchStoryboardName = LaunchScreen;
				INFOPLIST_KEY_UISupportedInterfaceOrientations_iPad = "UIInterfaceOrientationPortrait UIInterfaceOrientationPortraitUpsideDown UIInterfaceOrientationLandscapeLeft UIInterfaceOrientationLandscapeRight";
				INFOPLIST_KEY_UISupportedInterfaceOrientations_iPhone = "UIInterfaceOrientationPortrait UIInterfaceOrientationLandscapeLeft UIInterfaceOrientationLandscapeRight";
				IPHONEOS_DEPLOYMENT_TARGET = 13.0;
				LD_RUNPATH_SEARCH_PATHS = (
					"$(inherited)",
					"@executable_path/Frameworks",
				);
				MARKETING_VERSION = 1.0;
				PRODUCT_BUNDLE_IDENTIFIER = damdam.toss;
				PRODUCT_NAME = "$(TARGET_NAME)";
				SWIFT_EMIT_LOC_STRINGS = YES;
				SWIFT_VERSION = 5.0;
				TARGETED_DEVICE_FAMILY = "1,2";
			};
			name = Debug;
		};
		ED24B511287C5F840050F405 /* Release */ = {
			isa = XCBuildConfiguration;
			buildSettings = {
				ASSETCATALOG_COMPILER_APPICON_NAME = AppIcon;
				ASSETCATALOG_COMPILER_GLOBAL_ACCENT_COLOR_NAME = AccentColor;
				CODE_SIGN_STYLE = Automatic;
				CURRENT_PROJECT_VERSION = 1;
				GENERATE_INFOPLIST_FILE = YES;
				INFOPLIST_FILE = toss/Info.plist;
				INFOPLIST_KEY_UIApplicationSupportsIndirectInputEvents = YES;
				INFOPLIST_KEY_UILaunchStoryboardName = LaunchScreen;
				INFOPLIST_KEY_UISupportedInterfaceOrientations_iPad = "UIInterfaceOrientationPortrait UIInterfaceOrientationPortraitUpsideDown UIInterfaceOrientationLandscapeLeft UIInterfaceOrientationLandscapeRight";
				INFOPLIST_KEY_UISupportedInterfaceOrientations_iPhone = "UIInterfaceOrientationPortrait UIInterfaceOrientationLandscapeLeft UIInterfaceOrientationLandscapeRight";
				IPHONEOS_DEPLOYMENT_TARGET = 13.0;
				LD_RUNPATH_SEARCH_PATHS = (
					"$(inherited)",
					"@executable_path/Frameworks",
				);
				MARKETING_VERSION = 1.0;
				PRODUCT_BUNDLE_IDENTIFIER = damdam.toss;
				PRODUCT_NAME = "$(TARGET_NAME)";
				SWIFT_EMIT_LOC_STRINGS = YES;
				SWIFT_VERSION = 5.0;
				TARGETED_DEVICE_FAMILY = "1,2";
			};
			name = Release;
		};
/* End XCBuildConfiguration section */

/* Begin XCConfigurationList section */
		ED24B4F6287C5F820050F405 /* Build configuration list for PBXProject "toss" */ = {
			isa = XCConfigurationList;
			buildConfigurations = (
				ED24B50D287C5F840050F405 /* Debug */,
				ED24B50E287C5F840050F405 /* Release */,
			);
			defaultConfigurationIsVisible = 0;
			defaultConfigurationName = Release;
		};
		ED24B50F287C5F840050F405 /* Build configuration list for PBXNativeTarget "toss" */ = {
			isa = XCConfigurationList;
			buildConfigurations = (
				ED24B510287C5F840050F405 /* Debug */,
				ED24B511287C5F840050F405 /* Release */,
			);
			defaultConfigurationIsVisible = 0;
			defaultConfigurationName = Release;
		};
/* End XCConfigurationList section */

/* Begin XCRemoteSwiftPackageReference section */
		ED5F74CD288A8733001BDC7E /* XCRemoteSwiftPackageReference "SnapKit" */ = {
			isa = XCRemoteSwiftPackageReference;
			repositoryURL = "https://github.com/SnapKit/SnapKit.git";
			requirement = {
				kind = upToNextMajorVersion;
				minimumVersion = 5.0.0;
			};
		};
		ED5F74D0288A87E9001BDC7E /* XCRemoteSwiftPackageReference "Then" */ = {
			isa = XCRemoteSwiftPackageReference;
			repositoryURL = "https://github.com/devxoul/Then.git";
			requirement = {
				kind = upToNextMajorVersion;
				minimumVersion = 3.0.0;
			};
		};
/* End XCRemoteSwiftPackageReference section */

/* Begin XCSwiftPackageProductDependency section */
		ED5F74CE288A8733001BDC7E /* SnapKit */ = {
			isa = XCSwiftPackageProductDependency;
			package = ED5F74CD288A8733001BDC7E /* XCRemoteSwiftPackageReference "SnapKit" */;
			productName = SnapKit;
		};
		ED5F74D1288A87E9001BDC7E /* Then */ = {
			isa = XCSwiftPackageProductDependency;
			package = ED5F74D0288A87E9001BDC7E /* XCRemoteSwiftPackageReference "Then" */;
			productName = Then;
		};
/* End XCSwiftPackageProductDependency section */
	};
	rootObject = ED24B4F3287C5F820050F405 /* Project object */;
}
